{
  "name": "player-finder",
  "version": "0.0.0",
  "lockfileVersion": 1,
  "requires": true,
  "dependencies": {
    "@angular/common": {
      "version": "4.3.2",
      "resolved": "https://registry.npmjs.org/@angular/common/-/common-4.3.2.tgz",
      "integrity": "sha1-L72Xs56EU5nDRX4dVavGsfYOCbg=",
      "requires": {
        "tslib": "1.8.0"
      }
    },
    "@angular/compiler": {
      "version": "4.3.2",
      "resolved": "https://registry.npmjs.org/@angular/compiler/-/compiler-4.3.2.tgz",
      "integrity": "sha1-t5ItCyCHqC57UWocERpZkwVPaLM=",
      "requires": {
        "tslib": "1.8.0"
      }
    },
    "@angular/core": {
      "version": "4.3.2",
      "resolved": "https://registry.npmjs.org/@angular/core/-/core-4.3.2.tgz",
      "integrity": "sha1-6ng0HDUBrY9DtR/7GD4gDcGYRMM=",
      "requires": {
        "tslib": "1.8.0"
      }
    },
    "@angular/forms": {
      "version": "4.3.2",
      "resolved": "https://registry.npmjs.org/@angular/forms/-/forms-4.3.2.tgz",
      "integrity": "sha1-bnw2PtmUkn3O/RoZGJnNt74CzsY=",
      "requires": {
        "tslib": "1.8.0"
      }
    },
    "@angular/http": {
      "version": "4.3.2",
      "resolved": "https://registry.npmjs.org/@angular/http/-/http-4.3.2.tgz",
      "integrity": "sha1-hRpWtwDmz95ml3aIPTKwSB4NUwc=",
      "requires": {
        "tslib": "1.8.0"
      }
    },
    "@angular/platform-browser": {
      "version": "4.3.2",
      "resolved": "https://registry.npmjs.org/@angular/platform-browser/-/platform-browser-4.3.2.tgz",
      "integrity": "sha1-f/D2pcKfE4+u63q4COt6sgKghZQ=",
      "requires": {
        "tslib": "1.8.0"
      }
    },
    "@angular/platform-browser-dynamic": {
      "version": "4.3.2",
      "resolved": "https://registry.npmjs.org/@angular/platform-browser-dynamic/-/platform-browser-dynamic-4.3.2.tgz",
      "integrity": "sha1-9DTxoucPU4A/Gfj9T0ZlFvw07tU=",
      "requires": {
        "tslib": "1.8.0"
      }
    },
    "@angular/router": {
      "version": "4.3.2",
      "resolved": "https://registry.npmjs.org/@angular/router/-/router-4.3.2.tgz",
      "integrity": "sha1-ce3I/n/kY4pm0VVNV4VFHcrSQoQ=",
      "requires": {
        "tslib": "1.8.0"
      }
    },
    "@ng-bootstrap/ng-bootstrap": {
      "version": "1.0.0-beta.5",
      "resolved": "https://registry.npmjs.org/@ng-bootstrap/ng-bootstrap/-/ng-bootstrap-1.0.0-beta.5.tgz",
      "integrity": "sha1-2iuQZrNwGihMrFoWFop33vlHtKs="
    },
    "@ngx-translate/core": {
      "version": "7.0.0",
      "resolved": "https://registry.npmjs.org/@ngx-translate/core/-/core-7.0.0.tgz",
      "integrity": "sha1-W29jvUBCFk1EzYX2hwOvluk5Ln0="
    },
    "@ngx-translate/http-loader": {
      "version": "0.1.0",
      "resolved": "https://registry.npmjs.org/@ngx-translate/http-loader/-/http-loader-0.1.0.tgz",
      "integrity": "sha1-YCkyVWHXho/jJaQZ3idw6Y/xUC4="
    },
    "bootstrap": {
      "version": "4.0.0-beta",
      "resolved": "https://registry.npmjs.org/bootstrap/-/bootstrap-4.0.0-beta.tgz",
      "integrity": "sha512-I/r3fYtUZr+rUNkh8HI+twxZ56p6ehNn27eA1XSebLVQKAJ2xZHnEvZrSR+UR2A/bONcd9gHC3xatVhQlH6R6w=="
    },
    "core-js": {
      "version": "2.4.1",
      "resolved": "https://registry.npmjs.org/core-js/-/core-js-2.4.1.tgz",
      "integrity": "sha1-TekR5mew6ukSTjQlS1OupvxhjT4="
    },
    "font-awesome": {
      "version": "4.7.0",
      "resolved": "https://registry.npmjs.org/font-awesome/-/font-awesome-4.7.0.tgz",
      "integrity": "sha1-j6jPBBGhoxr9B7BtKQK7n8gVoTM="
    },
    "jquery": {
      "version": "3.2.1",
      "resolved": "https://registry.npmjs.org/jquery/-/jquery-3.2.1.tgz",
      "integrity": "sha1-XE2d5lKvbNCncBVKYxu6ErAVx4c="
    },
    "ng-jhipster": {
      "version": "0.2.12",
      "resolved": "https://registry.npmjs.org/ng-jhipster/-/ng-jhipster-0.2.12.tgz",
      "integrity": "sha512-gOifvlm+aY6o1Uzx4WFPPfTx/6ch0Twfo3a9URG3LRdQU5M6nVTVw994W6SWbXM5rjT5qa7KvG6b7Nw/VBiQkQ==",
      "requires": {
        "@ngx-translate/core": "7.0.0",
        "@ngx-translate/http-loader": "0.1.0"
      }
    },
    "ng2-webstorage": {
      "version": "1.8.0",
      "resolved": "https://registry.npmjs.org/ng2-webstorage/-/ng2-webstorage-1.8.0.tgz",
      "integrity": "sha1-ArrF8pzswrek3+oX2c68cg7fa0k="
    },
    "ngx-cookie": {
      "version": "1.0.0",
      "resolved": "https://registry.npmjs.org/ngx-cookie/-/ngx-cookie-1.0.0.tgz",
      "integrity": "sha1-AE/GU/69hJtN0+4sY8TPFx9GTak="
    },
    "ngx-infinite-scroll": {
      "version": "0.5.1",
      "resolved": "https://registry.npmjs.org/ngx-infinite-scroll/-/ngx-infinite-scroll-0.5.1.tgz",
      "integrity": "sha1-3ZRSxgL/fDIi8MoWhIGqFBQChrc="
    },
    "reflect-metadata": {
      "version": "0.1.10",
      "resolved": "https://registry.npmjs.org/reflect-metadata/-/reflect-metadata-0.1.10.tgz",
      "integrity": "sha1-tPg3BEFqytiZiMmxVjXUfgO5NEo="
    },
    "rxjs": {
      "version": "5.4.2",
      "resolved": "https://registry.npmjs.org/rxjs/-/rxjs-5.4.2.tgz",
      "integrity": "sha1-KjI2/L8D31e64G/Wly/ZnlwI/Pc=",
      "requires": {
        "symbol-observable": "1.0.4"
      }
    },
    "swagger-ui": {
      "version": "2.2.10",
      "resolved": "https://registry.npmjs.org/swagger-ui/-/swagger-ui-2.2.10.tgz",
      "integrity": "sha1-sl56IWZOXZC/OR2zDbCN5B6FLXs="
    },
    "symbol-observable": {
      "version": "1.0.4",
      "resolved": "https://registry.npmjs.org/symbol-observable/-/symbol-observable-1.0.4.tgz",
      "integrity": "sha1-Kb9hXUqnEhvdiYsi1LP5vE4qoD0="
    },
    "tether": {
      "version": "1.4.0",
      "resolved": "https://registry.npmjs.org/tether/-/tether-1.4.0.tgz",
      "integrity": "sha1-D5+hcfdb9YSF2BSelHmdeudNHBo="
    },
    "tslib": {
      "version": "1.8.0",
      "resolved": "https://registry.npmjs.org/tslib/-/tslib-1.8.0.tgz",
      "integrity": "sha512-ymKWWZJST0/CkgduC2qkzjMOWr4bouhuURNXCn/inEX0L57BnRG6FhX76o7FOnsjHazCjfU2LKeSrlS2sIKQJg=="
    },
    "zone.js": {
      "version": "0.8.16",
      "resolved": "https://registry.npmjs.org/zone.js/-/zone.js-0.8.16.tgz",
      "integrity": "sha1-rDG2xBj4jA+Ritas2KQCrKkxOrs="
    }
  }
}
